// !$*UTF8*$!
{
	archiveVersion = 1;
	classes = {
	};
	objectVersion = 77;
	objects = {

/* Begin PBXBuildFile section */
		0908BAD594DE4DA89139148E /* Assets.xcassets in Resources */ = {isa = PBXBuildFile; fileRef = 67B8972C5CBD3222176705D1 /* Assets.xcassets */; };
		18DBFFAF699B21118F7DE3E8 /* lilpass in Embed Dependencies */ = {isa = PBXBuildFile; fileRef = C1EE44597B7D4A967C806C1E /* lilpass */; settings = {ATTRIBUTES = (CodeSignOnCopy, RemoveHeadersOnCopy, ); }; };
		1C49D3CFE10E6FD7DDC06E50 /* LilPasswordsAgent in Embed Dependencies */ = {isa = PBXBuildFile; fileRef = F2BF470827AD396CCE39BD0D /* LilPasswordsAgent */; settings = {ATTRIBUTES = (CodeSignOnCopy, RemoveHeadersOnCopy, ); }; };
		78FFF7FF14F6A9EACB0E37E6 /* LilPasswordsKit in Frameworks */ = {isa = PBXBuildFile; productRef = B41A41E642B0A614A5A75DA7 /* LilPasswordsKit */; };
		79287A7FC0FE66AC92E1BFC4 /* LilPasswordsKit in Frameworks */ = {isa = PBXBuildFile; productRef = 5EBA761A968E93EEADB84FEA /* LilPasswordsKit */; };
		C68E97F864E0BE5A9CD3AAE3 /* LilPasswordsKit in Frameworks */ = {isa = PBXBuildFile; productRef = E539F5199FCE7076CD81B5FA /* LilPasswordsKit */; };
		DCF7C7F33992843800251E37 /* com.851labs.lilpasswords.agent.plist in CopyFiles */ = {isa = PBXBuildFile; fileRef = 1205EE660A0836A88635F51F /* com.851labs.lilpasswords.agent.plist */; };
		E4B94333172C44B03CF0C9BC /* LilpassCore in Frameworks */ = {isa = PBXBuildFile; productRef = 23A2A855BC2ABEAE1636380C /* LilpassCore */; };
		EA16D8D61ED6C27BADEA23DF /* Sparkle in Frameworks */ = {isa = PBXBuildFile; productRef = 3EF65E8227AAFAF25E3C67B9 /* Sparkle */; };
		F053D6A6E91FDCE6AE923B3F /* LilpassMCP in Frameworks */ = {isa = PBXBuildFile; productRef = A4C7E267F9F9C2E52C8B987F /* LilpassMCP */; };
		FAB20C989F973F9A6AD5EF11 /* ArgumentParser in Frameworks */ = {isa = PBXBuildFile; productRef = BC999D5C891E8E474D84F3FD /* ArgumentParser */; };
/* End PBXBuildFile section */

/* Begin PBXContainerItemProxy section */
		0985D8A9D2900A16BEE74D9B /* PBXContainerItemProxy */ = {
			isa = PBXContainerItemProxy;
			containerPortal = 9DD56955C3C8D41688239CF2 /* Project object */;
			proxyType = 1;
			remoteGlobalIDString = C7BA3BBB2757E54A90FDA6C6;
			remoteInfo = lilpass;
		};
		85CF5696180923F9EE86BB69 /* PBXContainerItemProxy */ = {
			isa = PBXContainerItemProxy;
			containerPortal = 9DD56955C3C8D41688239CF2 /* Project object */;
			proxyType = 1;
			remoteGlobalIDString = 4807B7DB294ECA66F2907C7F;
			remoteInfo = LilPasswordsAgent;
		};
/* End PBXContainerItemProxy section */

/* Begin PBXCopyFilesBuildPhase section */
		478BF7B10A4CF34216E35915 /* Embed Dependencies */ = {
			isa = PBXCopyFilesBuildPhase;
			buildActionMask = 2147483647;
			dstPath = Contents/Helpers;
			dstSubfolderSpec = 1;
			files = (
				1C49D3CFE10E6FD7DDC06E50 /* LilPasswordsAgent in Embed Dependencies */,
				18DBFFAF699B21118F7DE3E8 /* lilpass in Embed Dependencies */,
			);
			name = "Embed Dependencies";
			runOnlyForDeploymentPostprocessing = 0;
		};
		F3D36D0CDF31474810F0A146 /* CopyFiles */ = {
			isa = PBXCopyFilesBuildPhase;
			buildActionMask = 2147483647;
			dstPath = Contents/Library/LaunchAgents;
			dstSubfolderSpec = 1;
			files = (
				DCF7C7F33992843800251E37 /* com.851labs.lilpasswords.agent.plist in CopyFiles */,
			);
			runOnlyForDeploymentPostprocessing = 0;
		};
/* End PBXCopyFilesBuildPhase section */

/* Begin PBXFileReference section */
		1205EE660A0836A88635F51F /* com.851labs.lilpasswords.agent.plist */ = {isa = PBXFileReference; lastKnownFileType = text.plist; path = com.851labs.lilpasswords.agent.plist; sourceTree = "<group>"; };
		1552750737D8BD27B57FCF51 /* Base.xcconfig */ = {isa = PBXFileReference; lastKnownFileType = text.xcconfig; path = Base.xcconfig; sourceTree = "<group>"; };
		67B8972C5CBD3222176705D1 /* Assets.xcassets */ = {isa = PBXFileReference; lastKnownFileType = folder.assetcatalog; path = Assets.xcassets; sourceTree = "<group>"; };
		9752809980BB70168B33CB2C /* LilPasswordsKit */ = {isa = PBXFileReference; lastKnownFileType = folder; name = LilPasswordsKit; path = Packages/LilPasswordsKit; sourceTree = SOURCE_ROOT; };
		C1EE44597B7D4A967C806C1E /* lilpass */ = {isa = PBXFileReference; includeInIndex = 0; path = lilpass; sourceTree = BUILT_PRODUCTS_DIR; };
		E16AB1A3115C01ADF6D2E139 /* LilPasswords.app */ = {isa = PBXFileReference; explicitFileType = wrapper.application; includeInIndex = 0; path = LilPasswords.app; sourceTree = BUILT_PRODUCTS_DIR; };
		F2BF470827AD396CCE39BD0D /* LilPasswordsAgent */ = {isa = PBXFileReference; includeInIndex = 0; path = LilPasswordsAgent; sourceTree = BUILT_PRODUCTS_DIR; };
/* End PBXFileReference section */

/* Begin PBXFileSystemSynchronizedRootGroup section */
		027A1C65B96B36F2C7C8C45F /* Sources */ = {
			isa = PBXFileSystemSynchronizedRootGroup;
			explicitFileTypes = {
			};
			explicitFolders = (
			);
			name = Sources;
			path = Sources;
			sourceTree = "<group>";
		};
		1565B1A364AC5FCD3D16BA04 /* Sources */ = {
			isa = PBXFileSystemSynchronizedRootGroup;
			explicitFileTypes = {
			};
			explicitFolders = (
			);
			name = Sources;
			path = Sources;
			sourceTree = "<group>";
		};
		8BD3E7C9863E5099B2172F5C /* Sources */ = {
			isa = PBXFileSystemSynchronizedRootGroup;
			explicitFileTypes = {
			};
			explicitFolders = (
			);
			name = Sources;
			path = Sources;
			sourceTree = "<group>";
		};
/* End PBXFileSystemSynchronizedRootGroup section */

/* Begin PBXFrameworksBuildPhase section */
		36CCC4E76E3367C3AD14AC69 /* Frameworks */ = {
			isa = PBXFrameworksBuildPhase;
			buildActionMask = 2147483647;
			files = (
				C68E97F864E0BE5A9CD3AAE3 /* LilPasswordsKit in Frameworks */,
				EA16D8D61ED6C27BADEA23DF /* Sparkle in Frameworks */,
			);
			runOnlyForDeploymentPostprocessing = 0;
		};
		A2F1AEB4C361F8100314A4A6 /* Frameworks */ = {
			isa = PBXFrameworksBuildPhase;
			buildActionMask = 2147483647;
			files = (
				78FFF7FF14F6A9EACB0E37E6 /* LilPasswordsKit in Frameworks */,
			);
			runOnlyForDeploymentPostprocessing = 0;
		};
		C29AB4EB39CD1B7027D60A2E /* Frameworks */ = {
			isa = PBXFrameworksBuildPhase;
			buildActionMask = 2147483647;
			files = (
				79287A7FC0FE66AC92E1BFC4 /* LilPasswordsKit in Frameworks */,
				E4B94333172C44B03CF0C9BC /* LilpassCore in Frameworks */,
				F053D6A6E91FDCE6AE923B3F /* LilpassMCP in Frameworks */,
				FAB20C989F973F9A6AD5EF11 /* ArgumentParser in Frameworks */,
			);
			runOnlyForDeploymentPostprocessing = 0;
		};
/* End PBXFrameworksBuildPhase section */

/* Begin PBXGroup section */
		09FEC2AB3FC76EC862908F1E /* CLI */ = {
			isa = PBXGroup;
			children = (
				027A1C65B96B36F2C7C8C45F /* Sources */,
			);
			path = CLI;
			sourceTree = "<group>";
		};
		0F446391754462A9B5945A5C /* Packages */ = {
			isa = PBXGroup;
			children = (
				9752809980BB70168B33CB2C /* LilPasswordsKit */,
			);
			path = Packages;
			sourceTree = "<group>";
		};
		1FF99F295E3C7BD2C41C4DDD /* Resources */ = {
			isa = PBXGroup;
			children = (
				67B8972C5CBD3222176705D1 /* Assets.xcassets */,
			);
			path = Resources;
			sourceTree = "<group>";
		};
		5B24CA34FF3B42AC26B7FDD0 /* Support */ = {
			isa = PBXGroup;
			children = (
				1205EE660A0836A88635F51F /* com.851labs.lilpasswords.agent.plist */,
			);
			path = Support;
			sourceTree = "<group>";
		};
		6997AE3F21BA4CCC1AB800C3 /* Agent */ = {
			isa = PBXGroup;
			children = (
				1565B1A364AC5FCD3D16BA04 /* Sources */,
				5B24CA34FF3B42AC26B7FDD0 /* Support */,
			);
			path = Agent;
			sourceTree = "<group>";
		};
		7947B44B282CBC4A3964C805 = {
			isa = PBXGroup;
			children = (
				6997AE3F21BA4CCC1AB800C3 /* Agent */,
				C1EAD955654A56F5F33FB756 /* App */,
				09FEC2AB3FC76EC862908F1E /* CLI */,
				9275A01A6D7DC0966E1710B4 /* Config */,
				0F446391754462A9B5945A5C /* Packages */,
				A903EE70C6B646F3E5436F31 /* Products */,
			);
			sourceTree = "<group>";
		};
		9275A01A6D7DC0966E1710B4 /* Config */ = {
			isa = PBXGroup;
			children = (
				1552750737D8BD27B57FCF51 /* Base.xcconfig */,
			);
			path = Config;
			sourceTree = "<group>";
		};
		A903EE70C6B646F3E5436F31 /* Products */ = {
			isa = PBXGroup;
			children = (
				C1EE44597B7D4A967C806C1E /* lilpass */,
				E16AB1A3115C01ADF6D2E139 /* LilPasswords.app */,
				F2BF470827AD396CCE39BD0D /* LilPasswordsAgent */,
			);
			name = Products;
			sourceTree = "<group>";
		};
		C1EAD955654A56F5F33FB756 /* App */ = {
			isa = PBXGroup;
			children = (
				1FF99F295E3C7BD2C41C4DDD /* Resources */,
				8BD3E7C9863E5099B2172F5C /* Sources */,
			);
			path = App;
			sourceTree = "<group>";
		};
/* End PBXGroup section */

/* Begin PBXNativeTarget section */
		4807B7DB294ECA66F2907C7F /* LilPasswordsAgent */ = {
			isa = PBXNativeTarget;
			buildConfigurationList = D1DE33B9C08B5F49AC883F2E /* Build configuration list for PBXNativeTarget "LilPasswordsAgent" */;
			buildPhases = (
				3BF069C1EDB02361F5C88559 /* Sources */,
				0DB8585D9D8A1480654CC131 /* Resources */,
				A2F1AEB4C361F8100314A4A6 /* Frameworks */,
			);
			buildRules = (
			);
			dependencies = (
			);
			fileSystemSynchronizedGroups = (
				1565B1A364AC5FCD3D16BA04 /* Sources */,
			);
			name = LilPasswordsAgent;
			packageProductDependencies = (
				B41A41E642B0A614A5A75DA7 /* LilPasswordsKit */,
			);
			productName = LilPasswordsAgent;
			productReference = F2BF470827AD396CCE39BD0D /* LilPasswordsAgent */;
			productType = "com.apple.product-type.tool";
		};
		C6C645DBFB45116D7AB9C120 /* LilPasswords */ = {
			isa = PBXNativeTarget;
			buildConfigurationList = 44D2149F85D073AC5C682A41 /* Build configuration list for PBXNativeTarget "LilPasswords" */;
			buildPhases = (
				BE53D78528ED91F53C2E8911 /* Sources */,
				356C51E02DF16EF3CEFCAEF4 /* Resources */,
				F3D36D0CDF31474810F0A146 /* CopyFiles */,
				36CCC4E76E3367C3AD14AC69 /* Frameworks */,
				478BF7B10A4CF34216E35915 /* Embed Dependencies */,
				8979FCA890D6F55204BAFADF /* Re-sign embedded helpers with their own bundle identifiers (851-2465) */,
			);
			buildRules = (
			);
			dependencies = (
				02BACF80CDDA64EAC0D740DB /* PBXTargetDependency */,
				AFF7F6DB66C28A8088734966 /* PBXTargetDependency */,
			);
			fileSystemSynchronizedGroups = (
				8BD3E7C9863E5099B2172F5C /* Sources */,
			);
			name = LilPasswords;
			packageProductDependencies = (
				E539F5199FCE7076CD81B5FA /* LilPasswordsKit */,
				3EF65E8227AAFAF25E3C67B9 /* Sparkle */,
			);
			productName = LilPasswords;
			productReference = E16AB1A3115C01ADF6D2E139 /* LilPasswords.app */;
			productType = "com.apple.product-type.application";
		};
		C7BA3BBB2757E54A90FDA6C6 /* lilpass */ = {
			isa = PBXNativeTarget;
			buildConfigurationList = 10A5398CBFEF17D5B4A05CB6 /* Build configuration list for PBXNativeTarget "lilpass" */;
			buildPhases = (
				CBAB91E54BB09B186410CD05 /* Sources */,
				7DBF4ED6AC78AB401CD7E95E /* Resources */,
				C29AB4EB39CD1B7027D60A2E /* Frameworks */,
			);
			buildRules = (
			);
			dependencies = (
			);
			fileSystemSynchronizedGroups = (
				027A1C65B96B36F2C7C8C45F /* Sources */,
			);
			name = lilpass;
			packageProductDependencies = (
				5EBA761A968E93EEADB84FEA /* LilPasswordsKit */,
				23A2A855BC2ABEAE1636380C /* LilpassCore */,
				A4C7E267F9F9C2E52C8B987F /* LilpassMCP */,
				BC999D5C891E8E474D84F3FD /* ArgumentParser */,
			);
			productName = lilpass;
			productReference = C1EE44597B7D4A967C806C1E /* lilpass */;
			productType = "com.apple.product-type.tool";
		};
/* End PBXNativeTarget section */

/* Begin PBXProject section */
		9DD56955C3C8D41688239CF2 /* Project object */ = {
			isa = PBXProject;
			attributes = {
				BuildIndependentTargetsInParallel = YES;
				LastUpgradeCheck = 1430;
				TargetAttributes = {
					4807B7DB294ECA66F2907C7F = {
						DevelopmentTeam = WH4QW9ND3J;
						ProvisioningStyle = Manual;
					};
					C6C645DBFB45116D7AB9C120 = {
						DevelopmentTeam = WH4QW9ND3J;
						ProvisioningStyle = Manual;
					};
					C7BA3BBB2757E54A90FDA6C6 = {
						DevelopmentTeam = WH4QW9ND3J;
						ProvisioningStyle = Manual;
					};
				};
			};
			buildConfigurationList = 421137312003CE382C4C37BB /* Build configuration list for PBXProject "LilPasswords" */;
			developmentRegion = en;
			hasScannedForEncodings = 0;
			knownRegions = (
				Base,
				en,
			);
			mainGroup = 7947B44B282CBC4A3964C805;
			minimizedProjectReferenceProxies = 1;
			packageReferences = (
				BD178B7702B51B6E018967C0 /* XCRemoteSwiftPackageReference "swift-argument-parser" */,
				8B0421D3E31315F971591AC3 /* XCRemoteSwiftPackageReference "Sparkle" */,
				71839368EC70ECC54454B357 /* XCLocalSwiftPackageReference "Packages/LilPasswordsKit" */,
			);
			preferredProjectObjectVersion = 77;
			productRefGroup = A903EE70C6B646F3E5436F31 /* Products */;
			projectDirPath = "";
			projectRoot = "";
			targets = (
				C6C645DBFB45116D7AB9C120 /* LilPasswords */,
				4807B7DB294ECA66F2907C7F /* LilPasswordsAgent */,
				C7BA3BBB2757E54A90FDA6C6 /* lilpass */,
			);
		};
/* End PBXProject section */

/* Begin PBXResourcesBuildPhase section */
		0DB8585D9D8A1480654CC131 /* Resources */ = {
			isa = PBXResourcesBuildPhase;
			buildActionMask = 2147483647;
			files = (
			);
			runOnlyForDeploymentPostprocessing = 0;
		};
		356C51E02DF16EF3CEFCAEF4 /* Resources */ = {
			isa = PBXResourcesBuildPhase;
			buildActionMask = 2147483647;
			files = (
				0908BAD594DE4DA89139148E /* Assets.xcassets in Resources */,
			);
			runOnlyForDeploymentPostprocessing = 0;
		};
		7DBF4ED6AC78AB401CD7E95E /* Resources */ = {
			isa = PBXResourcesBuildPhase;
			buildActionMask = 2147483647;
			files = (
			);
			runOnlyForDeploymentPostprocessing = 0;
		};
/* End PBXResourcesBuildPhase section */

/* Begin PBXShellScriptBuildPhase section */
		8979FCA890D6F55204BAFADF /* Re-sign embedded helpers with their own bundle identifiers (851-2465) */ = {
			isa = PBXShellScriptBuildPhase;
			alwaysOutOfDate = 1;
			buildActionMask = 2147483647;
			files = (
			);
			inputFileListPaths = (
			);
			inputPaths = (
			);
			name = "Re-sign embedded helpers with their own bundle identifiers (851-2465)";
			outputFileListPaths = (
			);
			outputPaths = (
			);
			runOnlyForDeploymentPostprocessing = 0;
			shellPath = /bin/sh;
			shellScript = "set -euo pipefail\nHELPERS=\"$TARGET_BUILD_DIR/$WRAPPER_NAME/Contents/Helpers\"\nIDENTITY=\"${EXPANDED_CODE_SIGN_IDENTITY:-$CODE_SIGN_IDENTITY}\"\ncodesign --force -o runtime --timestamp=none \\\n  --sign \"$IDENTITY\" --identifier com.851labs.lilpasswords.agent \\\n  --entitlements \"$SRCROOT/Config/Entitlements/Agent.entitlements\" \\\n  \"$HELPERS/LilPasswordsAgent\"\ncodesign --force -o runtime --timestamp=none \\\n  --sign \"$IDENTITY\" --identifier com.851labs.lilpasswords.cli \\\n  --entitlements \"$SRCROOT/Config/Entitlements/CLI.entitlements\" \\\n  \"$HELPERS/lilpass\"\n";
		};
/* End PBXShellScriptBuildPhase section */

/* Begin PBXSourcesBuildPhase section */
		3BF069C1EDB02361F5C88559 /* Sources */ = {
			isa = PBXSourcesBuildPhase;
			buildActionMask = 2147483647;
			files = (
			);
			runOnlyForDeploymentPostprocessing = 0;
		};
		BE53D78528ED91F53C2E8911 /* Sources */ = {
			isa = PBXSourcesBuildPhase;
			buildActionMask = 2147483647;
			files = (
			);
			runOnlyForDeploymentPostprocessing = 0;
		};
		CBAB91E54BB09B186410CD05 /* Sources */ = {
			isa = PBXSourcesBuildPhase;
			buildActionMask = 2147483647;
			files = (
			);
			runOnlyForDeploymentPostprocessing = 0;
		};
/* End PBXSourcesBuildPhase section */

/* Begin PBXTargetDependency section */
		02BACF80CDDA64EAC0D740DB /* PBXTargetDependency */ = {
			isa = PBXTargetDependency;
			target = 4807B7DB294ECA66F2907C7F /* LilPasswordsAgent */;
			targetProxy = 85CF5696180923F9EE86BB69 /* PBXContainerItemProxy */;
		};
		AFF7F6DB66C28A8088734966 /* PBXTargetDependency */ = {
			isa = PBXTargetDependency;
			target = C7BA3BBB2757E54A90FDA6C6 /* lilpass */;
			targetProxy = 0985D8A9D2900A16BEE74D9B /* PBXContainerItemProxy */;
		};
/* End PBXTargetDependency section */

/* Begin XCBuildConfiguration section */
		2EC5B3E941AC41F6AE05C591 /* Release */ = {
			isa = XCBuildConfiguration;
			baseConfigurationReference = 1552750737D8BD27B57FCF51 /* Base.xcconfig */;
			buildSettings = {
				ALWAYS_SEARCH_USER_PATHS = NO;
				CLANG_ANALYZER_NONNULL = YES;
				CLANG_ANALYZER_NUMBER_OBJECT_CONVERSION = YES_AGGRESSIVE;
				CLANG_CXX_LANGUAGE_STANDARD = "gnu++14";
				CLANG_CXX_LIBRARY = "libc++";
				CLANG_ENABLE_MODULES = YES;
				CLANG_ENABLE_OBJC_ARC = YES;
				CLANG_ENABLE_OBJC_WEAK = YES;
				CLANG_WARN_BLOCK_CAPTURE_AUTORELEASING = YES;
				CLANG_WARN_BOOL_CONVERSION = YES;
				CLANG_WARN_COMMA = YES;
				CLANG_WARN_CONSTANT_CONVERSION = YES;
				CLANG_WARN_DEPRECATED_OBJC_IMPLEMENTATIONS = YES;
				CLANG_WARN_DIRECT_OBJC_ISA_USAGE = YES_ERROR;
				CLANG_WARN_DOCUMENTATION_COMMENTS = YES;
				CLANG_WARN_EMPTY_BODY = YES;
				CLANG_WARN_ENUM_CONVERSION = YES;
				CLANG_WARN_INFINITE_RECURSION = YES;
				CLANG_WARN_INT_CONVERSION = YES;
				CLANG_WARN_NON_LITERAL_NULL_CONVERSION = YES;
				CLANG_WARN_OBJC_IMPLICIT_RETAIN_SELF = YES;
				CLANG_WARN_OBJC_LITERAL_CONVERSION = YES;
				CLANG_WARN_OBJC_ROOT_CLASS = YES_ERROR;
				CLANG_WARN_QUOTED_INCLUDE_IN_FRAMEWORK_HEADER = YES;
				CLANG_WARN_RANGE_LOOP_ANALYSIS = YES;
				CLANG_WARN_STRICT_PROTOTYPES = YES;
				CLANG_WARN_SUSPICIOUS_MOVE = YES;
				CLANG_WARN_UNGUARDED_AVAILABILITY = YES_AGGRESSIVE;
				CLANG_WARN_UNREACHABLE_CODE = YES;
				CLANG_WARN__DUPLICATE_METHOD_MATCH = YES;
				COPY_PHASE_STRIP = NO;
				DEBUG_INFORMATION_FORMAT = "dwarf-with-dsym";
				ENABLE_NS_ASSERTIONS = NO;
				ENABLE_STRICT_OBJC_MSGSEND = YES;
				GCC_C_LANGUAGE_STANDARD = gnu11;
				GCC_NO_COMMON_BLOCKS = YES;
				GCC_WARN_64_TO_32_BIT_CONVERSION = YES;
				GCC_WARN_ABOUT_RETURN_TYPE = YES_ERROR;
				GCC_WARN_UNDECLARED_SELECTOR = YES;
				GCC_WARN_UNINITIALIZED_AUTOS = YES_AGGRESSIVE;
				GCC_WARN_UNUSED_FUNCTION = YES;
				GCC_WARN_UNUSED_VARIABLE = YES;
				MTL_ENABLE_DEBUG_INFO = NO;
				MTL_FAST_MATH = YES;
				PRODUCT_NAME = "$(TARGET_NAME)";
				SDKROOT = macosx;
				SWIFT_COMPILATION_MODE = wholemodule;
				SWIFT_OPTIMIZATION_LEVEL = "-O";
			};
			name = Release;
		};
		399003BCCC2397F0D6CBA1A5 /* Debug */ = {
			isa = XCBuildConfiguration;
			buildSettings = {
				CODE_SIGN_ENTITLEMENTS = Config/Entitlements/CLI.entitlements;
				COMBINE_HIDPI_IMAGES = YES;
				LD_RUNPATH_SEARCH_PATHS = (
					"$(inherited)",
					"@executable_path/../Frameworks",
				);
				OTHER_CODE_SIGN_FLAGS = "-i com.851labs.lilpasswords.cli";
				OTHER_LDFLAGS = "-Wl,-sectcreate,__TEXT,__info_plist,$(SRCROOT)/CLI/Support/Info.plist";
				PRODUCT_BUNDLE_IDENTIFIER = com.851labs.lilpasswords.cli;
				PRODUCT_NAME = lilpass;
				SDKROOT = macosx;
				SKIP_INSTALL = YES;
			};
			name = Debug;
		};
		5B1418CDC302F6E1BC9488C1 /* Debug */ = {
			isa = XCBuildConfiguration;
			buildSettings = {
				CODE_SIGN_ENTITLEMENTS = Config/Entitlements/Agent.entitlements;
				COMBINE_HIDPI_IMAGES = YES;
				LD_RUNPATH_SEARCH_PATHS = (
					"$(inherited)",
					"@executable_path/../Frameworks",
				);
				OTHER_CODE_SIGN_FLAGS = "-i com.851labs.lilpasswords.agent";
				OTHER_LDFLAGS = "-Wl,-sectcreate,__TEXT,__info_plist,$(SRCROOT)/Agent/Support/Info.plist";
				PRODUCT_BUNDLE_IDENTIFIER = com.851labs.lilpasswords.agent;
				PRODUCT_NAME = LilPasswordsAgent;
				SDKROOT = macosx;
				SKIP_INSTALL = YES;
			};
			name = Debug;
		};
		5B4A8887142F7D57DA04A301 /* Release */ = {
			isa = XCBuildConfiguration;
			buildSettings = {
				CODE_SIGN_ENTITLEMENTS = Config/Entitlements/Agent.entitlements;
				COMBINE_HIDPI_IMAGES = YES;
				LD_RUNPATH_SEARCH_PATHS = (
					"$(inherited)",
					"@executable_path/../Frameworks",
				);
				OTHER_CODE_SIGN_FLAGS = "-i com.851labs.lilpasswords.agent";
				OTHER_LDFLAGS = "-Wl,-sectcreate,__TEXT,__info_plist,$(SRCROOT)/Agent/Support/Info.plist";
				PRODUCT_BUNDLE_IDENTIFIER = com.851labs.lilpasswords.agent;
				PRODUCT_NAME = LilPasswordsAgent;
				SDKROOT = macosx;
				SKIP_INSTALL = YES;
			};
			name = Release;
		};
		88773AF7766897C03ECA82F1 /* Release */ = {
			isa = XCBuildConfiguration;
			buildSettings = {
				ASSETCATALOG_COMPILER_APPICON_NAME = AppIcon;
				CODE_SIGN_ENTITLEMENTS = Config/Entitlements/App.entitlements;
				COMBINE_HIDPI_IMAGES = YES;
				ENABLE_USER_SCRIPT_SANDBOXING = NO;
				INFOPLIST_FILE = App/Info.plist;
				LD_RUNPATH_SEARCH_PATHS = (
					"$(inherited)",
					"@executable_path/../Frameworks",
				);
				PRODUCT_BUNDLE_IDENTIFIER = com.851labs.lilpasswords;
				PRODUCT_NAME = "lil passwords";
				SDKROOT = macosx;
			};
			name = Release;
		};
		A3014E95082860AD0C915A49 /* Debug */ = {
			isa = XCBuildConfiguration;
			baseConfigurationReference = 1552750737D8BD27B57FCF51 /* Base.xcconfig */;
			buildSettings = {
				ALWAYS_SEARCH_USER_PATHS = NO;
				CLANG_ANALYZER_NONNULL = YES;
				CLANG_ANALYZER_NUMBER_OBJECT_CONVERSION = YES_AGGRESSIVE;
				CLANG_CXX_LANGUAGE_STANDARD = "gnu++14";
				CLANG_CXX_LIBRARY = "libc++";
				CLANG_ENABLE_MODULES = YES;
				CLANG_ENABLE_OBJC_ARC = YES;
				CLANG_ENABLE_OBJC_WEAK = YES;
				CLANG_WARN_BLOCK_CAPTURE_AUTORELEASING = YES;
				CLANG_WARN_BOOL_CONVERSION = YES;
				CLANG_WARN_COMMA = YES;
				CLANG_WARN_CONSTANT_CONVERSION = YES;
				CLANG_WARN_DEPRECATED_OBJC_IMPLEMENTATIONS = YES;
				CLANG_WARN_DIRECT_OBJC_ISA_USAGE = YES_ERROR;
				CLANG_WARN_DOCUMENTATION_COMMENTS = YES;
				CLANG_WARN_EMPTY_BODY = YES;
				CLANG_WARN_ENUM_CONVERSION = YES;
				CLANG_WARN_INFINITE_RECURSION = YES;
				CLANG_WARN_INT_CONVERSION = YES;
				CLANG_WARN_NON_LITERAL_NULL_CONVERSION = YES;
				CLANG_WARN_OBJC_IMPLICIT_RETAIN_SELF = YES;
				CLANG_WARN_OBJC_LITERAL_CONVERSION = YES;
				CLANG_WARN_OBJC_ROOT_CLASS = YES_ERROR;
				CLANG_WARN_QUOTED_INCLUDE_IN_FRAMEWORK_HEADER = YES;
				CLANG_WARN_RANGE_LOOP_ANALYSIS = YES;
				CLANG_WARN_STRICT_PROTOTYPES = YES;
				CLANG_WARN_SUSPICIOUS_MOVE = YES;
				CLANG_WARN_UNGUARDED_AVAILABILITY = YES_AGGRESSIVE;
				CLANG_WARN_UNREACHABLE_CODE = YES;
				CLANG_WARN__DUPLICATE_METHOD_MATCH = YES;
				COPY_PHASE_STRIP = NO;
				DEBUG_INFORMATION_FORMAT = dwarf;
				ENABLE_STRICT_OBJC_MSGSEND = YES;
				ENABLE_TESTABILITY = YES;
				GCC_C_LANGUAGE_STANDARD = gnu11;
				GCC_DYNAMIC_NO_PIC = NO;
				GCC_NO_COMMON_BLOCKS = YES;
				GCC_OPTIMIZATION_LEVEL = 0;
				GCC_PREPROCESSOR_DEFINITIONS = (
					"$(inherited)",
					"DEBUG=1",
				);
				GCC_WARN_64_TO_32_BIT_CONVERSION = YES;
				GCC_WARN_ABOUT_RETURN_TYPE = YES_ERROR;
				GCC_WARN_UNDECLARED_SELECTOR = YES;
				GCC_WARN_UNINITIALIZED_AUTOS = YES_AGGRESSIVE;
				GCC_WARN_UNUSED_FUNCTION = YES;
				GCC_WARN_UNUSED_VARIABLE = YES;
				MTL_ENABLE_DEBUG_INFO = INCLUDE_SOURCE;
				MTL_FAST_MATH = YES;
				ONLY_ACTIVE_ARCH = YES;
				PRODUCT_NAME = "$(TARGET_NAME)";
				SDKROOT = macosx;
				SWIFT_ACTIVE_COMPILATION_CONDITIONS = DEBUG;
				SWIFT_OPTIMIZATION_LEVEL = "-Onone";
			};
			name = Debug;
		};
		B4264596ED7EFC693AFCC2AC /* Debug */ = {
			isa = XCBuildConfiguration;
			buildSettings = {
				ASSETCATALOG_COMPILER_APPICON_NAME = AppIcon;
				CODE_SIGN_ENTITLEMENTS = Config/Entitlements/App.entitlements;
				COMBINE_HIDPI_IMAGES = YES;
				ENABLE_USER_SCRIPT_SANDBOXING = NO;
				INFOPLIST_FILE = App/Info.plist;
				LD_RUNPATH_SEARCH_PATHS = (
					"$(inherited)",
					"@executable_path/../Frameworks",
				);
				PRODUCT_BUNDLE_IDENTIFIER = com.851labs.lilpasswords;
				PRODUCT_NAME = "lil passwords";
				SDKROOT = macosx;
			};
			name = Debug;
		};
		DFF60599B0D9FB3C75FDD581 /* Release */ = {
			isa = XCBuildConfiguration;
			buildSettings = {
				CODE_SIGN_ENTITLEMENTS = Config/Entitlements/CLI.entitlements;
				COMBINE_HIDPI_IMAGES = YES;
				LD_RUNPATH_SEARCH_PATHS = (
					"$(inherited)",
					"@executable_path/../Frameworks",
				);
				OTHER_CODE_SIGN_FLAGS = "-i com.851labs.lilpasswords.cli";
				OTHER_LDFLAGS = "-Wl,-sectcreate,__TEXT,__info_plist,$(SRCROOT)/CLI/Support/Info.plist";
				PRODUCT_BUNDLE_IDENTIFIER = com.851labs.lilpasswords.cli;
				PRODUCT_NAME = lilpass;
				SDKROOT = macosx;
				SKIP_INSTALL = YES;
			};
			name = Release;
		};
/* End XCBuildConfiguration section */

/* Begin XCConfigurationList section */
		10A5398CBFEF17D5B4A05CB6 /* Build configuration list for PBXNativeTarget "lilpass" */ = {
			isa = XCConfigurationList;
			buildConfigurations = (
				399003BCCC2397F0D6CBA1A5 /* Debug */,
				DFF60599B0D9FB3C75FDD581 /* Release */,
			);
			defaultConfigurationIsVisible = 0;
			defaultConfigurationName = Debug;
		};
		421137312003CE382C4C37BB /* Build configuration list for PBXProject "LilPasswords" */ = {
			isa = XCConfigurationList;
			buildConfigurations = (
				A3014E95082860AD0C915A49 /* Debug */,
				2EC5B3E941AC41F6AE05C591 /* Release */,
			);
			defaultConfigurationIsVisible = 0;
			defaultConfigurationName = Debug;
		};
		44D2149F85D073AC5C682A41 /* Build configuration list for PBXNativeTarget "LilPasswords" */ = {
			isa = XCConfigurationList;
			buildConfigurations = (
				B4264596ED7EFC693AFCC2AC /* Debug */,
				88773AF7766897C03ECA82F1 /* Release */,
			);
			defaultConfigurationIsVisible = 0;
			defaultConfigurationName = Debug;
		};
		D1DE33B9C08B5F49AC883F2E /* Build configuration list for PBXNativeTarget "LilPasswordsAgent" */ = {
			isa = XCConfigurationList;
			buildConfigurations = (
				5B1418CDC302F6E1BC9488C1 /* Debug */,
				5B4A8887142F7D57DA04A301 /* Release */,
			);
			defaultConfigurationIsVisible = 0;
			defaultConfigurationName = Debug;
		};
/* End XCConfigurationList section */

/* Begin XCLocalSwiftPackageReference section */
		71839368EC70ECC54454B357 /* XCLocalSwiftPackageReference "Packages/LilPasswordsKit" */ = {
			isa = XCLocalSwiftPackageReference;
			relativePath = Packages/LilPasswordsKit;
		};
/* End XCLocalSwiftPackageReference section */

/* Begin XCRemoteSwiftPackageReference section */
		8B0421D3E31315F971591AC3 /* XCRemoteSwiftPackageReference "Sparkle" */ = {
			isa = XCRemoteSwiftPackageReference;
			repositoryURL = "https://github.com/sparkle-project/Sparkle";
			requirement = {
				kind = exactVersion;
				version = 2.10.0;
			};
		};
		BD178B7702B51B6E018967C0 /* XCRemoteSwiftPackageReference "swift-argument-parser" */ = {
			isa = XCRemoteSwiftPackageReference;
			repositoryURL = "https://github.com/apple/swift-argument-parser";
			requirement = {
				kind = upToNextMajorVersion;
				minimumVersion = 1.5.0;
			};
		};
/* End XCRemoteSwiftPackageReference section */

/* Begin XCSwiftPackageProductDependency section */
		23A2A855BC2ABEAE1636380C /* LilpassCore */ = {
			isa = XCSwiftPackageProductDependency;
			productName = LilpassCore;
		};
		3EF65E8227AAFAF25E3C67B9 /* Sparkle */ = {
			isa = XCSwiftPackageProductDependency;
			package = 8B0421D3E31315F971591AC3 /* XCRemoteSwiftPackageReference "Sparkle" */;
			productName = Sparkle;
		};
		5EBA761A968E93EEADB84FEA /* LilPasswordsKit */ = {
			isa = XCSwiftPackageProductDependency;
			productName = LilPasswordsKit;
		};
		A4C7E267F9F9C2E52C8B987F /* LilpassMCP */ = {
			isa = XCSwiftPackageProductDependency;
			productName = LilpassMCP;
		};
		B41A41E642B0A614A5A75DA7 /* LilPasswordsKit */ = {
			isa = XCSwiftPackageProductDependency;
			productName = LilPasswordsKit;
		};
		BC999D5C891E8E474D84F3FD /* ArgumentParser */ = {
			isa = XCSwiftPackageProductDependency;
			package = BD178B7702B51B6E018967C0 /* XCRemoteSwiftPackageReference "swift-argument-parser" */;
			productName = ArgumentParser;
		};
		E539F5199FCE7076CD81B5FA /* LilPasswordsKit */ = {
			isa = XCSwiftPackageProductDependency;
			productName = LilPasswordsKit;
		};
/* End XCSwiftPackageProductDependency section */
	};
	rootObject = 9DD56955C3C8D41688239CF2 /* Project object */;
}
